
Microsoft Visual Studio Solution File, Format Version 12.00
# Visual Studio Version 17
VisualStudioVersion = 17.4.33103.184
MinimumVisualStudioVersion = 10.0.40219.1
Project("{FAE04EC0-301F-11D3-BF4B-00C04F79EFBC}") = "SysProgHW4", "SysProgHW4\SysProgHW4.csproj", "{11698205-C97C-4532-BF0D-8C09C93600C5}"
EndProject
Global
	GlobalSection(SolutionConfigurationPlatforms) = preSolution
		Debug|Any CPU = Debug|Any CPU
		Release|Any CPU = Release|Any CPU
	EndGlobalSection
	GlobalSection(ProjectConfigurationPlatforms) = postSolution
		{11698205-C97C-4532-BF0D-8C09C93600C5}.Debug|Any CPU.ActiveCfg = Debug|Any CPU
		{11698205-C97C-4532-BF0D-8C09C93600C5}.Debug|Any CPU.Build.0 = Debug|Any CPU
		{11698205-C97C-4532-BF0D-8C09C93600C5}.Release|Any CPU.ActiveCfg = Release|Any CPU
		{11698205-C97C-4532-BF0D-8C09C93600C5}.Release|Any CPU.Build.0 = Release|Any CPU
	EndGlobalSection
	GlobalSection(SolutionProperties) = preSolution
		HideSolutionNode = FALSE
	EndGlobalSection
	GlobalSection(ExtensibilityGlobals) = postSolution
		SolutionGuid = {EB64ECB3-C456-4961-B899-5D46DCF773C4}
	EndGlobalSection
EndGlobal
